
Microsoft Visual Studio Solution File, Format Version 12.00
# Visual Studio 15
VisualStudioVersion = 15.0.27428.2002
MinimumVisualStudioVersion = 10.0.40219.1
Project("{FAE04EC0-301F-11D3-BF4B-00C04F79EFBC}") = "CatalystAPI", "CatalystAPI\CatalystAPI.csproj", "{5D6A1D5D-C916-4559-8EE7-D558E11ACD47}"
EndProject
Global
	GlobalSection(SolutionConfigurationPlatforms) = preSolution
		Debug|Any CPU = Debug|Any CPU
		Release|Any CPU = Release|Any CPU
	EndGlobalSection
	GlobalSection(ProjectConfigurationPlatforms) = postSolution
		{5D6A1D5D-C916-4559-8EE7-D558E11ACD47}.Debug|Any CPU.ActiveCfg = Debug|Any CPU
		{5D6A1D5D-C916-4559-8EE7-D558E11ACD47}.Debug|Any CPU.Build.0 = Debug|Any CPU
		{5D6A1D5D-C916-4559-8EE7-D558E11ACD47}.Release|Any CPU.ActiveCfg = Release|Any CPU
		{5D6A1D5D-C916-4559-8EE7-D558E11ACD47}.Release|Any CPU.Build.0 = Release|Any CPU
	EndGlobalSection
	GlobalSection(SolutionProperties) = preSolution
		HideSolutionNode = FALSE
	EndGlobalSection
	GlobalSection(ExtensibilityGlobals) = postSolution
		SolutionGuid = {3AA166B5-BAE0-4A4E-B962-F43F4751042A}
	EndGlobalSection
EndGlobal
